
Microsoft Visual Studio Solution File, Format Version 12.00
# Visual Studio Version 17
VisualStudioVersion = 17.10.34707.107
MinimumVisualStudioVersion = 10.0.40219.1
Project("{FAE04EC0-301F-11D3-BF4B-00C04F79EFBC}") = "Countdown", "Countdown\Countdown.csproj", "{4497A45B-2D86-41B7-969E-1690C8213D73}"
EndProject
Global
	GlobalSection(SolutionConfigurationPlatforms) = preSolution
		Debug|Any CPU = Debug|Any CPU
		Release|Any CPU = Release|Any CPU
	EndGlobalSection
	GlobalSection(ProjectConfigurationPlatforms) = postSolution
		{4497A45B-2D86-41B7-969E-1690C8213D73}.Debug|Any CPU.ActiveCfg = Debug|Any CPU
		{4497A45B-2D86-41B7-969E-1690C8213D73}.Debug|Any CPU.Build.0 = Debug|Any CPU
		{4497A45B-2D86-41B7-969E-1690C8213D73}.Debug|Any CPU.Deploy.0 = Debug|Any CPU
		{4497A45B-2D86-41B7-969E-1690C8213D73}.Release|Any CPU.ActiveCfg = Release|Any CPU
		{4497A45B-2D86-41B7-969E-1690C8213D73}.Release|Any CPU.Build.0 = Release|Any CPU
		{4497A45B-2D86-41B7-969E-1690C8213D73}.Release|Any CPU.Deploy.0 = Release|Any CPU
	EndGlobalSection
	GlobalSection(SolutionProperties) = preSolution
		HideSolutionNode = FALSE
	EndGlobalSection
	GlobalSection(ExtensibilityGlobals) = postSolution
		SolutionGuid = {93E7686B-4F30-4F77-974B-F78A29112AC6}
	EndGlobalSection
EndGlobal
